
Microsoft Visual Studio Solution File, Format Version 12.00
Project("{FAE04EC0-301F-11D3-BF4B-00C04F79EFBC}") = "RecommenderDeployment", "RecommenderDeployment\RecommenderDeployment.csproj", "{AEFF155D-9F15-46D7-A4F4-B224F1483902}"
EndProject
Global
	GlobalSection(SolutionConfigurationPlatforms) = preSolution
		Debug|Any CPU = Debug|Any CPU
		Release|Any CPU = Release|Any CPU
	EndGlobalSection
	GlobalSection(ProjectConfigurationPlatforms) = postSolution
		{AEFF155D-9F15-46D7-A4F4-B224F1483902}.Debug|Any CPU.ActiveCfg = Debug|Any CPU
		{AEFF155D-9F15-46D7-A4F4-B224F1483902}.Debug|Any CPU.Build.0 = Debug|Any CPU
		{AEFF155D-9F15-46D7-A4F4-B224F1483902}.Release|Any CPU.ActiveCfg = Release|Any CPU
		{AEFF155D-9F15-46D7-A4F4-B224F1483902}.Release|Any CPU.Build.0 = Release|Any CPU
	EndGlobalSection
EndGlobal
